// !$*UTF8*$!
{
	archiveVersion = 1;
	classes = {
	};
	objectVersion = 56;
	objects = {

/* Begin PBXBuildFile section */
		0D5A03E72C1036D70087DD4D /* AudioDecibelsApp.swift in Sources */ = {isa = PBXBuildFile; fileRef = 0D5A03E62C1036D70087DD4D /* AudioDecibelsApp.swift */; };
		0D5A03E92C1036D70087DD4D /* ContentView.swift in Sources */ = {isa = PBXBuildFile; fileRef = 0D5A03E82C1036D70087DD4D /* ContentView.swift */; };
		0D5A03EB2C1036D80087DD4D /* Assets.xcassets in Resources */ = {isa = PBXBuildFile; fileRef = 0D5A03EA2C1036D80087DD4D /* Assets.xcassets */; };
		0D5A03EE2C1036D80087DD4D /* Preview Assets.xcassets in Resources */ = {isa = PBXBuildFile; fileRef = 0D5A03ED2C1036D80087DD4D /* Preview Assets.xcassets */; };
		0D5A03F62C1037960087DD4D /* AudioManager.swift in Sources */ = {isa = PBXBuildFile; fileRef = 0D5A03F52C1037960087DD4D /* AudioManager.swift */; };
		0DFDF6DC2C147548005B0A21 /* DecibelMeterView.swift in Sources */ = {isa = PBXBuildFile; fileRef = 0DFDF6DB2C147548005B0A21 /* DecibelMeterView.swift */; };
		0DFDF6E22C1482A6005B0A21 /* README.md in Resources */ = {isa = PBXBuildFile; fileRef = 0DFDF6E12C1482A6005B0A21 /* README.md */; };
		0DFDF6E52C14837A005B0A21 /* InfoPlist.strings in Resources */ = {isa = PBXBuildFile; fileRef = 0DFDF6E32C14837A005B0A21 /* InfoPlist.strings */; };
		CF3756402C4E04B4001EACCD /* Preview Assets.xcassets in Resources */ = {isa = PBXBuildFile; fileRef = CF37563A2C4E04B4001EACCD /* Preview Assets.xcassets */; };
		CF3756412C4E04B4001EACCD /* Assets.xcassets in Resources */ = {isa = PBXBuildFile; fileRef = CF37563C2C4E04B4001EACCD /* Assets.xcassets */; };
		CF3756422C4E04B4001EACCD /* AudioDecibelsWatchApp.swift in Sources */ = {isa = PBXBuildFile; fileRef = CF37563D2C4E04B4001EACCD /* AudioDecibelsWatchApp.swift */; };
		CF3756432C4E04B4001EACCD /* ContentView.swift in Sources */ = {isa = PBXBuildFile; fileRef = CF37563E2C4E04B4001EACCD /* ContentView.swift */; };
		CF3756452C4E0686001EACCD /* Assets.xcassets in Resources */ = {isa = PBXBuildFile; fileRef = 0D5A03EA2C1036D80087DD4D /* Assets.xcassets */; };
		CF721E372C4E0D2400DF1D2F /* Assets.xcassets in Resources */ = {isa = PBXBuildFile; fileRef = CF721E362C4E0D2400DF1D2F /* Assets.xcassets */; };
		CF721E382C4E0D2400DF1D2F /* Assets.xcassets in Resources */ = {isa = PBXBuildFile; fileRef = CF721E362C4E0D2400DF1D2F /* Assets.xcassets */; };
		CF721E442C4E15F200DF1D2F /* AudioDecibelsMacApp.swift in Sources */ = {isa = PBXBuildFile; fileRef = CF721E432C4E15F200DF1D2F /* AudioDecibelsMacApp.swift */; };
		CF721E462C4E15F200DF1D2F /* ContentView.swift in Sources */ = {isa = PBXBuildFile; fileRef = CF721E452C4E15F200DF1D2F /* ContentView.swift */; };
		CF721E482C4E15F300DF1D2F /* Assets.xcassets in Resources */ = {isa = PBXBuildFile; fileRef = CF721E472C4E15F300DF1D2F /* Assets.xcassets */; };
		CF721E4B2C4E15F300DF1D2F /* Preview Assets.xcassets in Resources */ = {isa = PBXBuildFile; fileRef = CF721E4A2C4E15F300DF1D2F /* Preview Assets.xcassets */; };
		CF721E502C4E172B00DF1D2F /* InfoPlist.strings in Resources */ = {isa = PBXBuildFile; fileRef = 0DFDF6E32C14837A005B0A21 /* InfoPlist.strings */; };
		CF721E512C4E172C00DF1D2F /* InfoPlist.strings in Resources */ = {isa = PBXBuildFile; fileRef = 0DFDF6E32C14837A005B0A21 /* InfoPlist.strings */; };
		CF721E522C4E173900DF1D2F /* AudioManager.swift in Sources */ = {isa = PBXBuildFile; fileRef = 0D5A03F52C1037960087DD4D /* AudioManager.swift */; };
		CF721E532C4E173B00DF1D2F /* DecibelMeterView.swift in Sources */ = {isa = PBXBuildFile; fileRef = 0DFDF6DB2C147548005B0A21 /* DecibelMeterView.swift */; };
		CF721E542C4E18BE00DF1D2F /* Assets.xcassets in Resources */ = {isa = PBXBuildFile; fileRef = CF721E362C4E0D2400DF1D2F /* Assets.xcassets */; };
		CF721E562C4E192400DF1D2F /* WindowModifier.swift in Sources */ = {isa = PBXBuildFile; fileRef = CF721E552C4E192400DF1D2F /* WindowModifier.swift */; };
		CF7958F32C4E040F002D3548 /* AudioDecibelsWatch.app in Embed Watch Content */ = {isa = PBXBuildFile; fileRef = CF7958E62C4E040E002D3548 /* AudioDecibelsWatch.app */; settings = {ATTRIBUTES = (RemoveHeadersOnCopy, ); }; };
		CF7958F82C4E0417002D3548 /* AudioManager.swift in Sources */ = {isa = PBXBuildFile; fileRef = 0D5A03F52C1037960087DD4D /* AudioManager.swift */; };
		CFA937F32C4DE67E0049FD74 /* .gitignore in Resources */ = {isa = PBXBuildFile; fileRef = CFA937F22C4DE67E0049FD74 /* .gitignore */; };
/* End PBXBuildFile section */

/* Begin PBXContainerItemProxy section */
		CF7958F12C4E040F002D3548 /* PBXContainerItemProxy */ = {
			isa = PBXContainerItemProxy;
			containerPortal = 0D5A03DB2C1036D70087DD4D /* Project object */;
			proxyType = 1;
			remoteGlobalIDString = CF7958E52C4E040E002D3548;
			remoteInfo = "AudioDecibelsWatch Watch App";
		};
/* End PBXContainerItemProxy section */

/* Begin PBXCopyFilesBuildPhase section */
		CF7958F42C4E040F002D3548 /* Embed Watch Content */ = {
			isa = PBXCopyFilesBuildPhase;
			buildActionMask = 2147483647;
			dstPath = "$(CONTENTS_FOLDER_PATH)/Watch";
			dstSubfolderSpec = 16;
			files = (
				CF7958F32C4E040F002D3548 /* AudioDecibelsWatch.app in Embed Watch Content */,
			);
			name = "Embed Watch Content";
			runOnlyForDeploymentPostprocessing = 0;
		};
/* End PBXCopyFilesBuildPhase section */

/* Begin PBXFileReference section */
		0D5A03E32C1036D70087DD4D /* AudioDecibels.app */ = {isa = PBXFileReference; explicitFileType = wrapper.application; includeInIndex = 0; path = AudioDecibels.app; sourceTree = BUILT_PRODUCTS_DIR; };
		0D5A03E62C1036D70087DD4D /* AudioDecibelsApp.swift */ = {isa = PBXFileReference; lastKnownFileType = sourcecode.swift; path = AudioDecibelsApp.swift; sourceTree = "<group>"; };
		0D5A03E82C1036D70087DD4D /* ContentView.swift */ = {isa = PBXFileReference; lastKnownFileType = sourcecode.swift; path = ContentView.swift; sourceTree = "<group>"; };
		0D5A03EA2C1036D80087DD4D /* Assets.xcassets */ = {isa = PBXFileReference; lastKnownFileType = folder.assetcatalog; path = Assets.xcassets; sourceTree = "<group>"; };
		0D5A03ED2C1036D80087DD4D /* Preview Assets.xcassets */ = {isa = PBXFileReference; lastKnownFileType = folder.assetcatalog; path = "Preview Assets.xcassets"; sourceTree = "<group>"; };
		0D5A03F42C1036FA0087DD4D /* Info.plist */ = {isa = PBXFileReference; lastKnownFileType = text.plist; path = Info.plist; sourceTree = "<group>"; };
		0D5A03F52C1037960087DD4D /* AudioManager.swift */ = {isa = PBXFileReference; lastKnownFileType = sourcecode.swift; path = AudioManager.swift; sourceTree = "<group>"; };
		0DFDF6DB2C147548005B0A21 /* DecibelMeterView.swift */ = {isa = PBXFileReference; lastKnownFileType = sourcecode.swift; path = DecibelMeterView.swift; sourceTree = "<group>"; };
		0DFDF6E12C1482A6005B0A21 /* README.md */ = {isa = PBXFileReference; fileEncoding = 4; lastKnownFileType = net.daringfireball.markdown; path = README.md; sourceTree = SOURCE_ROOT; };
		0DFDF6E42C14837A005B0A21 /* en */ = {isa = PBXFileReference; lastKnownFileType = text.plist.strings; name = en; path = en.lproj/InfoPlist.strings; sourceTree = "<group>"; };
		0DFDF6E62C148388005B0A21 /* es */ = {isa = PBXFileReference; lastKnownFileType = text.plist.strings; name = es; path = es.lproj/InfoPlist.strings; sourceTree = "<group>"; };
		CF37563A2C4E04B4001EACCD /* Preview Assets.xcassets */ = {isa = PBXFileReference; lastKnownFileType = folder.assetcatalog; path = "Preview Assets.xcassets"; sourceTree = "<group>"; };
		CF37563C2C4E04B4001EACCD /* Assets.xcassets */ = {isa = PBXFileReference; lastKnownFileType = folder.assetcatalog; path = Assets.xcassets; sourceTree = "<group>"; };
		CF37563D2C4E04B4001EACCD /* AudioDecibelsWatchApp.swift */ = {isa = PBXFileReference; fileEncoding = 4; lastKnownFileType = sourcecode.swift; path = AudioDecibelsWatchApp.swift; sourceTree = "<group>"; };
		CF37563E2C4E04B4001EACCD /* ContentView.swift */ = {isa = PBXFileReference; fileEncoding = 4; lastKnownFileType = sourcecode.swift; path = ContentView.swift; sourceTree = "<group>"; };
		CF721E342C4E0CAC00DF1D2F /* Info.plist */ = {isa = PBXFileReference; lastKnownFileType = text.plist; path = Info.plist; sourceTree = "<group>"; };
		CF721E362C4E0D2400DF1D2F /* Assets.xcassets */ = {isa = PBXFileReference; lastKnownFileType = folder.assetcatalog; path = Assets.xcassets; sourceTree = "<group>"; };
		CF721E412C4E15F200DF1D2F /* AudioDecibelsMac.app */ = {isa = PBXFileReference; explicitFileType = wrapper.application; includeInIndex = 0; path = AudioDecibelsMac.app; sourceTree = BUILT_PRODUCTS_DIR; };
		CF721E432C4E15F200DF1D2F /* AudioDecibelsMacApp.swift */ = {isa = PBXFileReference; lastKnownFileType = sourcecode.swift; path = AudioDecibelsMacApp.swift; sourceTree = "<group>"; };
		CF721E452C4E15F200DF1D2F /* ContentView.swift */ = {isa = PBXFileReference; lastKnownFileType = sourcecode.swift; path = ContentView.swift; sourceTree = "<group>"; };
		CF721E472C4E15F300DF1D2F /* Assets.xcassets */ = {isa = PBXFileReference; lastKnownFileType = folder.assetcatalog; path = Assets.xcassets; sourceTree = "<group>"; };
		CF721E4A2C4E15F300DF1D2F /* Preview Assets.xcassets */ = {isa = PBXFileReference; lastKnownFileType = folder.assetcatalog; path = "Preview Assets.xcassets"; sourceTree = "<group>"; };
		CF721E4C2C4E15F300DF1D2F /* AudioDecibelsMac.entitlements */ = {isa = PBXFileReference; lastKnownFileType = text.plist.entitlements; path = AudioDecibelsMac.entitlements; sourceTree = "<group>"; };
		CF721E552C4E192400DF1D2F /* WindowModifier.swift */ = {isa = PBXFileReference; lastKnownFileType = sourcecode.swift; path = WindowModifier.swift; sourceTree = "<group>"; };
		CF7958E62C4E040E002D3548 /* AudioDecibelsWatch.app */ = {isa = PBXFileReference; explicitFileType = wrapper.application; includeInIndex = 0; path = AudioDecibelsWatch.app; sourceTree = BUILT_PRODUCTS_DIR; };
		CFA937F22C4DE67E0049FD74 /* .gitignore */ = {isa = PBXFileReference; fileEncoding = 4; lastKnownFileType = text; path = .gitignore; sourceTree = "<group>"; };
/* End PBXFileReference section */

/* Begin PBXFrameworksBuildPhase section */
		0D5A03E02C1036D70087DD4D /* Frameworks */ = {
			isa = PBXFrameworksBuildPhase;
			buildActionMask = 2147483647;
			files = (
			);
			runOnlyForDeploymentPostprocessing = 0;
		};
		CF721E3E2C4E15F200DF1D2F /* Frameworks */ = {
			isa = PBXFrameworksBuildPhase;
			buildActionMask = 2147483647;
			files = (
			);
			runOnlyForDeploymentPostprocessing = 0;
		};
		CF7958E32C4E040E002D3548 /* Frameworks */ = {
			isa = PBXFrameworksBuildPhase;
			buildActionMask = 2147483647;
			files = (
			);
			runOnlyForDeploymentPostprocessing = 0;
		};
/* End PBXFrameworksBuildPhase section */

/* Begin PBXGroup section */
		0D5A03DA2C1036D70087DD4D = {
			isa = PBXGroup;
			children = (
				CF721E392C4E0D4000DF1D2F /* AudioDecibelsMultiple */,
				0D5A03E52C1036D70087DD4D /* AudioDecibels */,
				CF37563F2C4E04B4001EACCD /* AudioDecibelsWatch */,
				CF721E422C4E15F200DF1D2F /* AudioDecibelsMac */,
				CF721E362C4E0D2400DF1D2F /* Assets.xcassets */,
				0DFDF6E32C14837A005B0A21 /* InfoPlist.strings */,
				0DFDF6E12C1482A6005B0A21 /* README.md */,
				CFA937F22C4DE67E0049FD74 /* .gitignore */,
				0D5A03E42C1036D70087DD4D /* Products */,
			);
			sourceTree = "<group>";
		};
		0D5A03E42C1036D70087DD4D /* Products */ = {
			isa = PBXGroup;
			children = (
				0D5A03E32C1036D70087DD4D /* AudioDecibels.app */,
				CF7958E62C4E040E002D3548 /* AudioDecibelsWatch.app */,
				CF721E412C4E15F200DF1D2F /* AudioDecibelsMac.app */,
			);
			name = Products;
			sourceTree = "<group>";
		};
		0D5A03E52C1036D70087DD4D /* AudioDecibels */ = {
			isa = PBXGroup;
			children = (
				0D5A03E62C1036D70087DD4D /* AudioDecibelsApp.swift */,
				0D5A03E82C1036D70087DD4D /* ContentView.swift */,
				0D5A03EA2C1036D80087DD4D /* Assets.xcassets */,
				0D5A03F42C1036FA0087DD4D /* Info.plist */,
				0D5A03EC2C1036D80087DD4D /* Preview Content */,
			);
			path = AudioDecibels;
			sourceTree = "<group>";
		};
		0D5A03EC2C1036D80087DD4D /* Preview Content */ = {
			isa = PBXGroup;
			children = (
				0D5A03ED2C1036D80087DD4D /* Preview Assets.xcassets */,
			);
			path = "Preview Content";
			sourceTree = "<group>";
		};
		CF37563B2C4E04B4001EACCD /* Preview Content */ = {
			isa = PBXGroup;
			children = (
				CF37563A2C4E04B4001EACCD /* Preview Assets.xcassets */,
			);
			path = "Preview Content";
			sourceTree = "<group>";
		};
		CF37563F2C4E04B4001EACCD /* AudioDecibelsWatch */ = {
			isa = PBXGroup;
			children = (
				CF37563B2C4E04B4001EACCD /* Preview Content */,
				CF37563C2C4E04B4001EACCD /* Assets.xcassets */,
				CF721E342C4E0CAC00DF1D2F /* Info.plist */,
				CF37563D2C4E04B4001EACCD /* AudioDecibelsWatchApp.swift */,
				CF37563E2C4E04B4001EACCD /* ContentView.swift */,
			);
			path = AudioDecibelsWatch;
			sourceTree = "<group>";
		};
		CF721E392C4E0D4000DF1D2F /* AudioDecibelsMultiple */ = {
			isa = PBXGroup;
			children = (
				0D5A03F52C1037960087DD4D /* AudioManager.swift */,
				0DFDF6DB2C147548005B0A21 /* DecibelMeterView.swift */,
			);
			path = AudioDecibelsMultiple;
			sourceTree = "<group>";
		};
		CF721E422C4E15F200DF1D2F /* AudioDecibelsMac */ = {
			isa = PBXGroup;
			children = (
				CF721E432C4E15F200DF1D2F /* AudioDecibelsMacApp.swift */,
				CF721E452C4E15F200DF1D2F /* ContentView.swift */,
				CF721E552C4E192400DF1D2F /* WindowModifier.swift */,
				CF721E472C4E15F300DF1D2F /* Assets.xcassets */,
				CF721E4C2C4E15F300DF1D2F /* AudioDecibelsMac.entitlements */,
				CF721E492C4E15F300DF1D2F /* Preview Content */,
			);
			path = AudioDecibelsMac;
			sourceTree = "<group>";
		};
		CF721E492C4E15F300DF1D2F /* Preview Content */ = {
			isa = PBXGroup;
			children = (
				CF721E4A2C4E15F300DF1D2F /* Preview Assets.xcassets */,
			);
			path = "Preview Content";
			sourceTree = "<group>";
		};
/* End PBXGroup section */

/* Begin PBXNativeTarget section */
		0D5A03E22C1036D70087DD4D /* AudioDecibels */ = {
			isa = PBXNativeTarget;
			buildConfigurationList = 0D5A03F12C1036D80087DD4D /* Build configuration list for PBXNativeTarget "AudioDecibels" */;
			buildPhases = (
				0D5A03DF2C1036D70087DD4D /* Sources */,
				0D5A03E02C1036D70087DD4D /* Frameworks */,
				0D5A03E12C1036D70087DD4D /* Resources */,
				CF7958F42C4E040F002D3548 /* Embed Watch Content */,
			);
			buildRules = (
			);
			dependencies = (
				CF7958F22C4E040F002D3548 /* PBXTargetDependency */,
			);
			name = AudioDecibels;
			productName = AudioDecibels;
			productReference = 0D5A03E32C1036D70087DD4D /* AudioDecibels.app */;
			productType = "com.apple.product-type.application";
		};
		CF721E402C4E15F200DF1D2F /* AudioDecibelsMac */ = {
			isa = PBXNativeTarget;
			buildConfigurationList = CF721E4D2C4E15F300DF1D2F /* Build configuration list for PBXNativeTarget "AudioDecibelsMac" */;
			buildPhases = (
				CF721E3D2C4E15F200DF1D2F /* Sources */,
				CF721E3E2C4E15F200DF1D2F /* Frameworks */,
				CF721E3F2C4E15F200DF1D2F /* Resources */,
			);
			buildRules = (
			);
			dependencies = (
			);
			name = AudioDecibelsMac;
			productName = AudioDecibelsMac;
			productReference = CF721E412C4E15F200DF1D2F /* AudioDecibelsMac.app */;
			productType = "com.apple.product-type.application";
		};
		CF7958E52C4E040E002D3548 /* AudioDecibelsWatch */ = {
			isa = PBXNativeTarget;
			buildConfigurationList = CF7958F72C4E040F002D3548 /* Build configuration list for PBXNativeTarget "AudioDecibelsWatch" */;
			buildPhases = (
				CF7958E22C4E040E002D3548 /* Sources */,
				CF7958E32C4E040E002D3548 /* Frameworks */,
				CF7958E42C4E040E002D3548 /* Resources */,
			);
			buildRules = (
			);
			dependencies = (
			);
			name = AudioDecibelsWatch;
			productName = "AudioDecibelsWatch Watch App";
			productReference = CF7958E62C4E040E002D3548 /* AudioDecibelsWatch.app */;
			productType = "com.apple.product-type.application";
		};
/* End PBXNativeTarget section */

/* Begin PBXProject section */
		0D5A03DB2C1036D70087DD4D /* Project object */ = {
			isa = PBXProject;
			attributes = {
				BuildIndependentTargetsInParallel = 1;
				LastSwiftUpdateCheck = 1540;
				LastUpgradeCheck = 1540;
				TargetAttributes = {
					0D5A03E22C1036D70087DD4D = {
						CreatedOnToolsVersion = 15.4;
					};
					CF721E402C4E15F200DF1D2F = {
						CreatedOnToolsVersion = 15.4;
					};
					CF7958E52C4E040E002D3548 = {
						CreatedOnToolsVersion = 15.4;
					};
				};
			};
			buildConfigurationList = 0D5A03DE2C1036D70087DD4D /* Build configuration list for PBXProject "AudioDecibels" */;
			compatibilityVersion = "Xcode 14.0";
			developmentRegion = en;
			hasScannedForEncodings = 0;
			knownRegions = (
				en,
				Base,
				es,
			);
			mainGroup = 0D5A03DA2C1036D70087DD4D;
			productRefGroup = 0D5A03E42C1036D70087DD4D /* Products */;
			projectDirPath = "";
			projectRoot = "";
			targets = (
				0D5A03E22C1036D70087DD4D /* AudioDecibels */,
				CF7958E52C4E040E002D3548 /* AudioDecibelsWatch */,
				CF721E402C4E15F200DF1D2F /* AudioDecibelsMac */,
			);
		};
/* End PBXProject section */

/* Begin PBXResourcesBuildPhase section */
		0D5A03E12C1036D70087DD4D /* Resources */ = {
			isa = PBXResourcesBuildPhase;
			buildActionMask = 2147483647;
			files = (
				0D5A03EE2C1036D80087DD4D /* Preview Assets.xcassets in Resources */,
				0DFDF6E22C1482A6005B0A21 /* README.md in Resources */,
				0D5A03EB2C1036D80087DD4D /* Assets.xcassets in Resources */,
				CFA937F32C4DE67E0049FD74 /* .gitignore in Resources */,
				CF721E372C4E0D2400DF1D2F /* Assets.xcassets in Resources */,
				0DFDF6E52C14837A005B0A21 /* InfoPlist.strings in Resources */,
			);
			runOnlyForDeploymentPostprocessing = 0;
		};
		CF721E3F2C4E15F200DF1D2F /* Resources */ = {
			isa = PBXResourcesBuildPhase;
			buildActionMask = 2147483647;
			files = (
				CF721E4B2C4E15F300DF1D2F /* Preview Assets.xcassets in Resources */,
				CF721E512C4E172C00DF1D2F /* InfoPlist.strings in Resources */,
				CF721E542C4E18BE00DF1D2F /* Assets.xcassets in Resources */,
				CF721E482C4E15F300DF1D2F /* Assets.xcassets in Resources */,
			);
			runOnlyForDeploymentPostprocessing = 0;
		};
		CF7958E42C4E040E002D3548 /* Resources */ = {
			isa = PBXResourcesBuildPhase;
			buildActionMask = 2147483647;
			files = (
				CF3756412C4E04B4001EACCD /* Assets.xcassets in Resources */,
				CF3756452C4E0686001EACCD /* Assets.xcassets in Resources */,
				CF3756402C4E04B4001EACCD /* Preview Assets.xcassets in Resources */,
				CF721E382C4E0D2400DF1D2F /* Assets.xcassets in Resources */,
				CF721E502C4E172B00DF1D2F /* InfoPlist.strings in Resources */,
			);
			runOnlyForDeploymentPostprocessing = 0;
		};
/* End PBXResourcesBuildPhase section */

/* Begin PBXSourcesBuildPhase section */
		0D5A03DF2C1036D70087DD4D /* Sources */ = {
			isa = PBXSourcesBuildPhase;
			buildActionMask = 2147483647;
			files = (
				0D5A03F62C1037960087DD4D /* AudioManager.swift in Sources */,
				0DFDF6DC2C147548005B0A21 /* DecibelMeterView.swift in Sources */,
				0D5A03E92C1036D70087DD4D /* ContentView.swift in Sources */,
				0D5A03E72C1036D70087DD4D /* AudioDecibelsApp.swift in Sources */,
			);
			runOnlyForDeploymentPostprocessing = 0;
		};
		CF721E3D2C4E15F200DF1D2F /* Sources */ = {
			isa = PBXSourcesBuildPhase;
			buildActionMask = 2147483647;
			files = (
				CF721E522C4E173900DF1D2F /* AudioManager.swift in Sources */,
				CF721E532C4E173B00DF1D2F /* DecibelMeterView.swift in Sources */,
				CF721E562C4E192400DF1D2F /* WindowModifier.swift in Sources */,
				CF721E462C4E15F200DF1D2F /* ContentView.swift in Sources */,
				CF721E442C4E15F200DF1D2F /* AudioDecibelsMacApp.swift in Sources */,
			);
			runOnlyForDeploymentPostprocessing = 0;
		};
		CF7958E22C4E040E002D3548 /* Sources */ = {
			isa = PBXSourcesBuildPhase;
			buildActionMask = 2147483647;
			files = (
				CF7958F82C4E0417002D3548 /* AudioManager.swift in Sources */,
				CF3756422C4E04B4001EACCD /* AudioDecibelsWatchApp.swift in Sources */,
				CF3756432C4E04B4001EACCD /* ContentView.swift in Sources */,
			);
			runOnlyForDeploymentPostprocessing = 0;
		};
/* End PBXSourcesBuildPhase section */

/* Begin PBXTargetDependency section */
		CF7958F22C4E040F002D3548 /* PBXTargetDependency */ = {
			isa = PBXTargetDependency;
			target = CF7958E52C4E040E002D3548 /* AudioDecibelsWatch */;
			targetProxy = CF7958F12C4E040F002D3548 /* PBXContainerItemProxy */;
		};
/* End PBXTargetDependency section */

/* Begin PBXVariantGroup section */
		0DFDF6E32C14837A005B0A21 /* InfoPlist.strings */ = {
			isa = PBXVariantGroup;
			children = (
				0DFDF6E42C14837A005B0A21 /* en */,
				0DFDF6E62C148388005B0A21 /* es */,
			);
			name = InfoPlist.strings;
			sourceTree = "<group>";
		};
/* End PBXVariantGroup section */

/* Begin XCBuildConfiguration section */
		0D5A03EF2C1036D80087DD4D /* Debug */ = {
			isa = XCBuildConfiguration;
			buildSettings = {
				ALWAYS_SEARCH_USER_PATHS = NO;
				ASSETCATALOG_COMPILER_GENERATE_SWIFT_ASSET_SYMBOL_EXTENSIONS = YES;
				CLANG_ANALYZER_LOCALIZABILITY_NONLOCALIZED = YES;
				CLANG_ANALYZER_NONNULL = YES;
				CLANG_ANALYZER_NUMBER_OBJECT_CONVERSION = YES_AGGRESSIVE;
				CLANG_CXX_LANGUAGE_STANDARD = "gnu++20";
				CLANG_ENABLE_MODULES = YES;
				CLANG_ENABLE_OBJC_ARC = YES;
				CLANG_ENABLE_OBJC_WEAK = YES;
				CLANG_WARN_BLOCK_CAPTURE_AUTORELEASING = YES;
				CLANG_WARN_BOOL_CONVERSION = YES;
				CLANG_WARN_COMMA = YES;
				CLANG_WARN_CONSTANT_CONVERSION = YES;
				CLANG_WARN_DEPRECATED_OBJC_IMPLEMENTATIONS = YES;
				CLANG_WARN_DIRECT_OBJC_ISA_USAGE = YES_ERROR;
				CLANG_WARN_DOCUMENTATION_COMMENTS = YES;
				CLANG_WARN_EMPTY_BODY = YES;
				CLANG_WARN_ENUM_CONVERSION = YES;
				CLANG_WARN_INFINITE_RECURSION = YES;
				CLANG_WARN_INT_CONVERSION = YES;
				CLANG_WARN_NON_LITERAL_NULL_CONVERSION = YES;
				CLANG_WARN_OBJC_IMPLICIT_RETAIN_SELF = YES;
				CLANG_WARN_OBJC_LITERAL_CONVERSION = YES;
				CLANG_WARN_OBJC_ROOT_CLASS = YES_ERROR;
				CLANG_WARN_QUOTED_INCLUDE_IN_FRAMEWORK_HEADER = YES;
				CLANG_WARN_RANGE_LOOP_ANALYSIS = YES;
				CLANG_WARN_STRICT_PROTOTYPES = YES;
				CLANG_WARN_SUSPICIOUS_MOVE = YES;
				CLANG_WARN_UNGUARDED_AVAILABILITY = YES_AGGRESSIVE;
				CLANG_WARN_UNREACHABLE_CODE = YES;
				CLANG_WARN__DUPLICATE_METHOD_MATCH = YES;
				COPY_PHASE_STRIP = NO;
				DEBUG_INFORMATION_FORMAT = dwarf;
				ENABLE_STRICT_OBJC_MSGSEND = YES;
				ENABLE_TESTABILITY = YES;
				ENABLE_USER_SCRIPT_SANDBOXING = YES;
				GCC_C_LANGUAGE_STANDARD = gnu17;
				GCC_DYNAMIC_NO_PIC = NO;
				GCC_NO_COMMON_BLOCKS = YES;
				GCC_OPTIMIZATION_LEVEL = 0;
				GCC_PREPROCESSOR_DEFINITIONS = (
					"DEBUG=1",
					"$(inherited)",
				);
				GCC_WARN_64_TO_32_BIT_CONVERSION = YES;
				GCC_WARN_ABOUT_RETURN_TYPE = YES_ERROR;
				GCC_WARN_UNDECLARED_SELECTOR = YES;
				GCC_WARN_UNINITIALIZED_AUTOS = YES_AGGRESSIVE;
				GCC_WARN_UNUSED_FUNCTION = YES;
				GCC_WARN_UNUSED_VARIABLE = YES;
				IPHONEOS_DEPLOYMENT_TARGET = 17.5;
				LOCALIZATION_PREFERS_STRING_CATALOGS = YES;
				MTL_ENABLE_DEBUG_INFO = INCLUDE_SOURCE;
				MTL_FAST_MATH = YES;
				ONLY_ACTIVE_ARCH = YES;
				SDKROOT = iphoneos;
				SWIFT_ACTIVE_COMPILATION_CONDITIONS = "DEBUG $(inherited)";
				SWIFT_OPTIMIZATION_LEVEL = "-Onone";
			};
			name = Debug;
		};
		0D5A03F02C1036D80087DD4D /* Release */ = {
			isa = XCBuildConfiguration;
			buildSettings = {
				ALWAYS_SEARCH_USER_PATHS = NO;
				ASSETCATALOG_COMPILER_GENERATE_SWIFT_ASSET_SYMBOL_EXTENSIONS = YES;
				CLANG_ANALYZER_LOCALIZABILITY_NONLOCALIZED = YES;
				CLANG_ANALYZER_NONNULL = YES;
				CLANG_ANALYZER_NUMBER_OBJECT_CONVERSION = YES_AGGRESSIVE;
				CLANG_CXX_LANGUAGE_STANDARD = "gnu++20";
				CLANG_ENABLE_MODULES = YES;
				CLANG_ENABLE_OBJC_ARC = YES;
				CLANG_ENABLE_OBJC_WEAK = YES;
				CLANG_WARN_BLOCK_CAPTURE_AUTORELEASING = YES;
				CLANG_WARN_BOOL_CONVERSION = YES;
				CLANG_WARN_COMMA = YES;
				CLANG_WARN_CONSTANT_CONVERSION = YES;
				CLANG_WARN_DEPRECATED_OBJC_IMPLEMENTATIONS = YES;
				CLANG_WARN_DIRECT_OBJC_ISA_USAGE = YES_ERROR;
				CLANG_WARN_DOCUMENTATION_COMMENTS = YES;
				CLANG_WARN_EMPTY_BODY = YES;
				CLANG_WARN_ENUM_CONVERSION = YES;
				CLANG_WARN_INFINITE_RECURSION = YES;
				CLANG_WARN_INT_CONVERSION = YES;
				CLANG_WARN_NON_LITERAL_NULL_CONVERSION = YES;
				CLANG_WARN_OBJC_IMPLICIT_RETAIN_SELF = YES;
				CLANG_WARN_OBJC_LITERAL_CONVERSION = YES;
				CLANG_WARN_OBJC_ROOT_CLASS = YES_ERROR;
				CLANG_WARN_QUOTED_INCLUDE_IN_FRAMEWORK_HEADER = YES;
				CLANG_WARN_RANGE_LOOP_ANALYSIS = YES;
				CLANG_WARN_STRICT_PROTOTYPES = YES;
				CLANG_WARN_SUSPICIOUS_MOVE = YES;
				CLANG_WARN_UNGUARDED_AVAILABILITY = YES_AGGRESSIVE;
				CLANG_WARN_UNREACHABLE_CODE = YES;
				CLANG_WARN__DUPLICATE_METHOD_MATCH = YES;
				COPY_PHASE_STRIP = NO;
				DEBUG_INFORMATION_FORMAT = "dwarf-with-dsym";
				ENABLE_NS_ASSERTIONS = NO;
				ENABLE_STRICT_OBJC_MSGSEND = YES;
				ENABLE_USER_SCRIPT_SANDBOXING = YES;
				GCC_C_LANGUAGE_STANDARD = gnu17;
				GCC_NO_COMMON_BLOCKS = YES;
				GCC_WARN_64_TO_32_BIT_CONVERSION = YES;
				GCC_WARN_ABOUT_RETURN_TYPE = YES_ERROR;
				GCC_WARN_UNDECLARED_SELECTOR = YES;
				GCC_WARN_UNINITIALIZED_AUTOS = YES_AGGRESSIVE;
				GCC_WARN_UNUSED_FUNCTION = YES;
				GCC_WARN_UNUSED_VARIABLE = YES;
				IPHONEOS_DEPLOYMENT_TARGET = 17.5;
				LOCALIZATION_PREFERS_STRING_CATALOGS = YES;
				MTL_ENABLE_DEBUG_INFO = NO;
				MTL_FAST_MATH = YES;
				SDKROOT = iphoneos;
				SWIFT_COMPILATION_MODE = wholemodule;
				VALIDATE_PRODUCT = YES;
			};
			name = Release;
		};
		0D5A03F22C1036D80087DD4D /* Debug */ = {
			isa = XCBuildConfiguration;
			buildSettings = {
				ALWAYS_EMBED_SWIFT_STANDARD_LIBRARIES = YES;
				ASSETCATALOG_COMPILER_APPICON_NAME = AppIcon;
				ASSETCATALOG_COMPILER_GLOBAL_ACCENT_COLOR_NAME = AccentColor;
				CODE_SIGN_STYLE = Automatic;
				CURRENT_PROJECT_VERSION = 3;
				DEVELOPMENT_ASSET_PATHS = "\"AudioDecibels/Preview Content\"";
				DEVELOPMENT_TEAM = 8Z29G67Z5G;
				ENABLE_PREVIEWS = YES;
				GENERATE_INFOPLIST_FILE = YES;
				INFOPLIST_FILE = AudioDecibels/Info.plist;
				INFOPLIST_KEY_LSApplicationCategoryType = "public.app-category.utilities";
				INFOPLIST_KEY_UIApplicationSceneManifest_Generation = YES;
				INFOPLIST_KEY_UIApplicationSupportsIndirectInputEvents = YES;
				INFOPLIST_KEY_UILaunchScreen_Generation = YES;
				INFOPLIST_KEY_UISupportedInterfaceOrientations_iPad = "UIInterfaceOrientationPortrait UIInterfaceOrientationPortraitUpsideDown UIInterfaceOrientationLandscapeLeft UIInterfaceOrientationLandscapeRight";
				INFOPLIST_KEY_UISupportedInterfaceOrientations_iPhone = "UIInterfaceOrientationPortrait UIInterfaceOrientationLandscapeLeft UIInterfaceOrientationLandscapeRight";
				IPHONEOS_DEPLOYMENT_TARGET = 15.0;
				LD_RUNPATH_SEARCH_PATHS = (
					"$(inherited)",
					"@executable_path/Frameworks",
				);
				MARKETING_VERSION = 1.0.1;
				PRODUCT_BUNDLE_IDENTIFIER = com.faacil.AudioDecibels;
				PRODUCT_NAME = "$(TARGET_NAME)";
				SWIFT_EMIT_LOC_STRINGS = YES;
				SWIFT_VERSION = 5.0;
				TARGETED_DEVICE_FAMILY = "1,2";
			};
			name = Debug;
		};
		0D5A03F32C1036D80087DD4D /* Release */ = {
			isa = XCBuildConfiguration;
			buildSettings = {
				ALWAYS_EMBED_SWIFT_STANDARD_LIBRARIES = YES;
				ASSETCATALOG_COMPILER_APPICON_NAME = AppIcon;
				ASSETCATALOG_COMPILER_GLOBAL_ACCENT_COLOR_NAME = AccentColor;
				CODE_SIGN_STYLE = Automatic;
				CURRENT_PROJECT_VERSION = 3;
				DEVELOPMENT_ASSET_PATHS = "\"AudioDecibels/Preview Content\"";
				DEVELOPMENT_TEAM = 8Z29G67Z5G;
				ENABLE_PREVIEWS = YES;
				GENERATE_INFOPLIST_FILE = YES;
				INFOPLIST_FILE = AudioDecibels/Info.plist;
				INFOPLIST_KEY_LSApplicationCategoryType = "public.app-category.utilities";
				INFOPLIST_KEY_UIApplicationSceneManifest_Generation = YES;
				INFOPLIST_KEY_UIApplicationSupportsIndirectInputEvents = YES;
				INFOPLIST_KEY_UILaunchScreen_Generation = YES;
				INFOPLIST_KEY_UISupportedInterfaceOrientations_iPad = "UIInterfaceOrientationPortrait UIInterfaceOrientationPortraitUpsideDown UIInterfaceOrientationLandscapeLeft UIInterfaceOrientationLandscapeRight";
				INFOPLIST_KEY_UISupportedInterfaceOrientations_iPhone = "UIInterfaceOrientationPortrait UIInterfaceOrientationLandscapeLeft UIInterfaceOrientationLandscapeRight";
				IPHONEOS_DEPLOYMENT_TARGET = 15.0;
				LD_RUNPATH_SEARCH_PATHS = (
					"$(inherited)",
					"@executable_path/Frameworks",
				);
				MARKETING_VERSION = 1.0.1;
				PRODUCT_BUNDLE_IDENTIFIER = com.faacil.AudioDecibels;
				PRODUCT_NAME = "$(TARGET_NAME)";
				SWIFT_EMIT_LOC_STRINGS = YES;
				SWIFT_VERSION = 5.0;
				TARGETED_DEVICE_FAMILY = "1,2";
			};
			name = Release;
		};
		CF721E4E2C4E15F300DF1D2F /* Debug */ = {
			isa = XCBuildConfiguration;
			buildSettings = {
				ASSETCATALOG_COMPILER_APPICON_NAME = AppIcon;
				ASSETCATALOG_COMPILER_GLOBAL_ACCENT_COLOR_NAME = AccentColor;
				CODE_SIGN_ENTITLEMENTS = AudioDecibelsMac/AudioDecibelsMac.entitlements;
				CODE_SIGN_STYLE = Automatic;
				COMBINE_HIDPI_IMAGES = YES;
				CURRENT_PROJECT_VERSION = 2;
				DEVELOPMENT_ASSET_PATHS = "\"AudioDecibelsMac/Preview Content\"";
				DEVELOPMENT_TEAM = 8Z29G67Z5G;
				ENABLE_HARDENED_RUNTIME = YES;
				ENABLE_PREVIEWS = YES;
				GENERATE_INFOPLIST_FILE = YES;
				INFOPLIST_KEY_NSHumanReadableCopyright = "";
				INFOPLIST_KEY_NSMicrophoneUsageDescription = "Necesitamos acceso al micrófono para medir los niveles de sonido";
				LD_RUNPATH_SEARCH_PATHS = (
					"$(inherited)",
					"@executable_path/../Frameworks",
				);
				MACOSX_DEPLOYMENT_TARGET = 14.5;
				MARKETING_VERSION = 1.0;
				PRODUCT_BUNDLE_IDENTIFIER = com.juan.AudioDecibelsMac;
				PRODUCT_NAME = "$(TARGET_NAME)";
				SDKROOT = macosx;
				SWIFT_EMIT_LOC_STRINGS = YES;
				SWIFT_VERSION = 5.0;
			};
			name = Debug;
		};
		CF721E4F2C4E15F300DF1D2F /* Release */ = {
			isa = XCBuildConfiguration;
			buildSettings = {
				ASSETCATALOG_COMPILER_APPICON_NAME = AppIcon;
				ASSETCATALOG_COMPILER_GLOBAL_ACCENT_COLOR_NAME = AccentColor;
				CODE_SIGN_ENTITLEMENTS = AudioDecibelsMac/AudioDecibelsMac.entitlements;
				CODE_SIGN_STYLE = Automatic;
				COMBINE_HIDPI_IMAGES = YES;
				CURRENT_PROJECT_VERSION = 2;
				DEVELOPMENT_ASSET_PATHS = "\"AudioDecibelsMac/Preview Content\"";
				DEVELOPMENT_TEAM = 8Z29G67Z5G;
				ENABLE_HARDENED_RUNTIME = YES;
				ENABLE_PREVIEWS = YES;
				GENERATE_INFOPLIST_FILE = YES;
				INFOPLIST_KEY_NSHumanReadableCopyright = "";
				INFOPLIST_KEY_NSMicrophoneUsageDescription = "Necesitamos acceso al micrófono para medir los niveles de sonido";
				LD_RUNPATH_SEARCH_PATHS = (
					"$(inherited)",
					"@executable_path/../Frameworks",
				);
				MACOSX_DEPLOYMENT_TARGET = 14.5;
				MARKETING_VERSION = 1.0;
				PRODUCT_BUNDLE_IDENTIFIER = com.juan.AudioDecibelsMac;
				PRODUCT_NAME = "$(TARGET_NAME)";
				SDKROOT = macosx;
				SWIFT_EMIT_LOC_STRINGS = YES;
				SWIFT_VERSION = 5.0;
			};
			name = Release;
		};
		CF7958F52C4E040F002D3548 /* Debug */ = {
			isa = XCBuildConfiguration;
			buildSettings = {
				ASSETCATALOG_COMPILER_APPICON_NAME = AppIcon;
				ASSETCATALOG_COMPILER_GLOBAL_ACCENT_COLOR_NAME = AccentColor;
				CODE_SIGN_STYLE = Automatic;
				CURRENT_PROJECT_VERSION = 2;
				DEVELOPMENT_ASSET_PATHS = "\"AudioDecibelsWatch/Preview Content\"";
				DEVELOPMENT_TEAM = 8Z29G67Z5G;
				ENABLE_PREVIEWS = YES;
				GENERATE_INFOPLIST_FILE = YES;
				INFOPLIST_FILE = AudioDecibelsWatch/Info.plist;
				INFOPLIST_KEY_CFBundleDisplayName = AudioDecibelsWatch;
				INFOPLIST_KEY_NSMicrophoneUsageDescription = "Necesitamos acceso al micrófono para medir los niveles de sonido";
				INFOPLIST_KEY_UISupportedInterfaceOrientations = "UIInterfaceOrientationPortrait UIInterfaceOrientationPortraitUpsideDown";
				INFOPLIST_KEY_WKCompanionAppBundleIdentifier = com.faacil.AudioDecibels;
				LD_RUNPATH_SEARCH_PATHS = (
					"$(inherited)",
					"@executable_path/Frameworks",
				);
				MARKETING_VERSION = 1.0.0;
				PRODUCT_BUNDLE_IDENTIFIER = com.faacil.AudioDecibels.watchkitapp;
				PRODUCT_NAME = "$(TARGET_NAME)";
				SDKROOT = watchos;
				SKIP_INSTALL = YES;
				SWIFT_EMIT_LOC_STRINGS = YES;
				SWIFT_VERSION = 5.0;
				TARGETED_DEVICE_FAMILY = 4;
				WATCHOS_DEPLOYMENT_TARGET = 10.5;
			};
			name = Debug;
		};
		CF7958F62C4E040F002D3548 /* Release */ = {
			isa = XCBuildConfiguration;
			buildSettings = {
				ASSETCATALOG_COMPILER_APPICON_NAME = AppIcon;
				ASSETCATALOG_COMPILER_GLOBAL_ACCENT_COLOR_NAME = AccentColor;
				CODE_SIGN_STYLE = Automatic;
				CURRENT_PROJECT_VERSION = 2;
				DEVELOPMENT_ASSET_PATHS = "\"AudioDecibelsWatch/Preview Content\"";
				DEVELOPMENT_TEAM = 8Z29G67Z5G;
				ENABLE_PREVIEWS = YES;
				GENERATE_INFOPLIST_FILE = YES;
				INFOPLIST_FILE = AudioDecibelsWatch/Info.plist;
				INFOPLIST_KEY_CFBundleDisplayName = AudioDecibelsWatch;
				INFOPLIST_KEY_NSMicrophoneUsageDescription = "Necesitamos acceso al micrófono para medir los niveles de sonido";
				INFOPLIST_KEY_UISupportedInterfaceOrientations = "UIInterfaceOrientationPortrait UIInterfaceOrientationPortraitUpsideDown";
				INFOPLIST_KEY_WKCompanionAppBundleIdentifier = com.faacil.AudioDecibels;
				LD_RUNPATH_SEARCH_PATHS = (
					"$(inherited)",
					"@executable_path/Frameworks",
				);
				MARKETING_VERSION = 1.0.0;
				PRODUCT_BUNDLE_IDENTIFIER = com.faacil.AudioDecibels.watchkitapp;
				PRODUCT_NAME = "$(TARGET_NAME)";
				SDKROOT = watchos;
				SKIP_INSTALL = YES;
				SWIFT_EMIT_LOC_STRINGS = YES;
				SWIFT_VERSION = 5.0;
				TARGETED_DEVICE_FAMILY = 4;
				WATCHOS_DEPLOYMENT_TARGET = 10.5;
			};
			name = Release;
		};
/* End XCBuildConfiguration section */

/* Begin XCConfigurationList section */
		0D5A03DE2C1036D70087DD4D /* Build configuration list for PBXProject "AudioDecibels" */ = {
			isa = XCConfigurationList;
			buildConfigurations = (
				0D5A03EF2C1036D80087DD4D /* Debug */,
				0D5A03F02C1036D80087DD4D /* Release */,
			);
			defaultConfigurationIsVisible = 0;
			defaultConfigurationName = Release;
		};
		0D5A03F12C1036D80087DD4D /* Build configuration list for PBXNativeTarget "AudioDecibels" */ = {
			isa = XCConfigurationList;
			buildConfigurations = (
				0D5A03F22C1036D80087DD4D /* Debug */,
				0D5A03F32C1036D80087DD4D /* Release */,
			);
			defaultConfigurationIsVisible = 0;
			defaultConfigurationName = Release;
		};
		CF721E4D2C4E15F300DF1D2F /* Build configuration list for PBXNativeTarget "AudioDecibelsMac" */ = {
			isa = XCConfigurationList;
			buildConfigurations = (
				CF721E4E2C4E15F300DF1D2F /* Debug */,
				CF721E4F2C4E15F300DF1D2F /* Release */,
			);
			defaultConfigurationIsVisible = 0;
			defaultConfigurationName = Release;
		};
		CF7958F72C4E040F002D3548 /* Build configuration list for PBXNativeTarget "AudioDecibelsWatch" */ = {
			isa = XCConfigurationList;
			buildConfigurations = (
				CF7958F52C4E040F002D3548 /* Debug */,
				CF7958F62C4E040F002D3548 /* Release */,
			);
			defaultConfigurationIsVisible = 0;
			defaultConfigurationName = Release;
		};
/* End XCConfigurationList section */
	};
	rootObject = 0D5A03DB2C1036D70087DD4D /* Project object */;
}
